
Microsoft Visual Studio Solution File, Format Version 12.00
# Visual Studio Version 16
VisualStudioVersion = 16.0.31515.178
MinimumVisualStudioVersion = 10.0.40219.1
Project("{9A19103F-16F7-4668-BE54-9A1E7A4F7556}") = "Health Tracker", "Health Tracker\Health Tracker.csproj", "{820BBD54-854E-417F-B908-C6D03AC02485}"
EndProject
Project("{2150E333-8FDC-42A3-9474-1A3956D46DE8}") = "Solution Items", "Solution Items", "{A5DF0ED8-3256-4B30-B2AD-BC9DE6D84942}"
EndProject
Global
	GlobalSection(SolutionConfigurationPlatforms) = preSolution
		Debug|Any CPU = Debug|Any CPU
		Release|Any CPU = Release|Any CPU
	EndGlobalSection
	GlobalSection(ProjectConfigurationPlatforms) = postSolution
		{820BBD54-854E-417F-B908-C6D03AC02485}.Debug|Any CPU.ActiveCfg = Debug|Any CPU
		{820BBD54-854E-417F-B908-C6D03AC02485}.Debug|Any CPU.Build.0 = Debug|Any CPU
		{820BBD54-854E-417F-B908-C6D03AC02485}.Release|Any CPU.ActiveCfg = Release|Any CPU
		{820BBD54-854E-417F-B908-C6D03AC02485}.Release|Any CPU.Build.0 = Release|Any CPU
	EndGlobalSection
	GlobalSection(SolutionProperties) = preSolution
		HideSolutionNode = FALSE
	EndGlobalSection
	GlobalSection(ExtensibilityGlobals) = postSolution
		SolutionGuid = {882B7A19-1959-437B-B274-51857C1B4628}
	EndGlobalSection
EndGlobal
